# THIS IS AN AUTOGENERATED FILE. DO NOT EDIT THIS FILE DIRECTLY.
# yarn lockfile v1


"@types/convert-excel-to-json@^1.7.1":
  version "1.7.1"
  resolved "https://registry.yarnpkg.com/@types/convert-excel-to-json/-/convert-excel-to-json-1.7.1.tgz#64fe03a6d8da71d2f825aae7f2d3570071fa26d6"
  integrity sha512-805sDQCnkbXBH/vkTm7fBYaH4OARNkXhJlC9COeRCb0sjNi0HCCOTINK4dFTIwcuwCZ5UICpkgD14EFa9d67fA==
  dependencies:
    "@types/node" "*"

"@types/node-fetch@^2.5.12":
  version "2.5.12"
  resolved "https://registry.yarnpkg.com/@types/node-fetch/-/node-fetch-2.5.12.tgz#8a6f779b1d4e60b7a57fb6fd48d84fb545b9cc66"
  integrity sha512-MKgC4dlq4kKNa/mYrwpKfzQMB5X3ee5U6fSprkKpToBqBmX4nFZL9cW5jl6sWn+xpRJ7ypWh2yyqqr8UUCstSw==
  dependencies:
    "@types/node" "*"
    form-data "^3.0.0"

"@types/node-schedule@^1.3.2":
  version "1.3.2"
  resolved "https://registry.yarnpkg.com/@types/node-schedule/-/node-schedule-1.3.2.tgz#cc7e32c6795cbadc8de03d0e1f86311727375423"
  integrity sha512-Y0CqdAr+lCpArT8CJJjJq4U2v8Bb5e7ru2nV/NhDdaptCMCRdOL3Y7tAhen39HluQMaIKWvPbDuiFBUQpg7Srw==
  dependencies:
    "@types/node" "*"

"@types/node@*", "@types/node@^16.7.10":
  version "16.7.10"
  resolved "https://registry.yarnpkg.com/@types/node/-/node-16.7.10.tgz#7aa732cc47341c12a16b7d562f519c2383b6d4fc"
  integrity sha512-S63Dlv4zIPb8x6MMTgDq5WWRJQe56iBEY0O3SOFA9JrRienkOVDXSXBjjJw6HTNQYSE2JI6GMCR6LVbIMHJVvA==

"@types/pino-pretty@*":
  version "4.7.1"
  resolved "https://registry.yarnpkg.com/@types/pino-pretty/-/pino-pretty-4.7.1.tgz#2ce3f56f3cf4f9632374419d616ae2e6c933b935"
  integrity sha512-l1ntNXdpVWsnPYUk5HyO5Lxfr38zLCgxVfEn/9Zhhm+nGF04/BiIou/m8XPwvoVZLV+livUo79VdHXMJPfUYxA==
  dependencies:
    "@types/pino" "*"

"@types/pino-std-serializers@*":
  version "2.4.1"
  resolved "https://registry.yarnpkg.com/@types/pino-std-serializers/-/pino-std-serializers-2.4.1.tgz#f8bd52a209c8b3c97d1533b1ba27f57c816382bf"
  integrity sha512-17XcksO47M24IVTVKPeAByWUd3Oez7EbIjXpSbzMPhXVzgjGtrOa49gKBwxH9hb8dKv58OelsWQ+A1G1l9S3wQ==
  dependencies:
    "@types/node" "*"

"@types/pino@*", "@types/pino@^6.3.11":
  version "6.3.11"
  resolved "https://registry.yarnpkg.com/@types/pino/-/pino-6.3.11.tgz#83652799e76b3ad692aaf68f6fbf994e83af5db2"
  integrity sha512-S7+fLONqSpHeW9d7TApUqO6VN47KYgOXhCNKwGBVLHObq8HhaAYlVqUNdfnvoXjCMiwE5xcPm/5R2ZUh8bgaXQ==
  dependencies:
    "@types/node" "*"
    "@types/pino-pretty" "*"
    "@types/pino-std-serializers" "*"
    sonic-boom "^2.1.0"

abort-controller@^3.0.0:
  version "3.0.0"
  resolved "https://registry.yarnpkg.com/abort-controller/-/abort-controller-3.0.0.tgz#eaf54d53b62bae4138e809ca225c8439a6efb392"
  integrity sha512-h8lQ8tacZYnR3vNQTgibj+tODHI5/+l06Au2Pcriv/Gmet0eaj4TwWH41sO9wnHDiQsEj19q0drzdWdeAHtweg==
  dependencies:
    event-target-shim "^5.0.0"

adler-32@~1.2.0:
  version "1.2.0"
  resolved "https://registry.yarnpkg.com/adler-32/-/adler-32-1.2.0.tgz#6a3e6bf0a63900ba15652808cb15c6813d1a5f25"
  integrity sha1-aj5r8KY5ALoVZSgIyxXGgT0aXyU=
  dependencies:
    exit-on-epipe "~1.0.1"
    printj "~1.1.0"

ansi-escape-sequences@^4.0.0:
  version "4.1.0"
  resolved "https://registry.yarnpkg.com/ansi-escape-sequences/-/ansi-escape-sequences-4.1.0.tgz#2483c8773f50dd9174dd9557e92b1718f1816097"
  integrity sha512-dzW9kHxH011uBsidTXd14JXgzye/YLb2LzeKZ4bsgl/Knwx8AtbSFkkGxagdNOoh0DlqHCmfiEjWKBaqjOanVw==
  dependencies:
    array-back "^3.0.1"

ansi-regex@^3.0.0:
  version "3.0.0"
  resolved "https://registry.yarnpkg.com/ansi-regex/-/ansi-regex-3.0.0.tgz#ed0317c322064f79466c02966bddb605ab37d998"
  integrity sha1-7QMXwyIGT3lGbAKWa922Bas32Zg=

argparse@^1.0.2:
  version "1.0.10"
  resolved "https://registry.yarnpkg.com/argparse/-/argparse-1.0.10.tgz#bcd6791ea5ae09725e17e5ad988134cd40b3d911"
  integrity sha512-o5Roy6tNG4SL/FOkCAN6RzjiakZS25RLYFrcMttJqbdd8BWrnA+fGz57iN5Pb06pvBGvl5gQ0B48dJlslXvoTg==
  dependencies:
    sprintf-js "~1.0.2"

array-back@^2.0.0:
  version "2.0.0"
  resolved "https://registry.yarnpkg.com/array-back/-/array-back-2.0.0.tgz#6877471d51ecc9c9bfa6136fb6c7d5fe69748022"
  integrity sha512-eJv4pLLufP3g5kcZry0j6WXpIbzYw9GUB4mVJZno9wfwiBxbizTnHCw3VJb07cBihbFX48Y7oSrW9y+gt4glyw==
  dependencies:
    typical "^2.6.1"

array-back@^3.0.1:
  version "3.1.0"
  resolved "https://registry.yarnpkg.com/array-back/-/array-back-3.1.0.tgz#b8859d7a508871c9a7b2cf42f99428f65e96bfb0"
  integrity sha512-TkuxA4UCOvxuDK6NZYXCalszEzj+TLszyASooky+i742l9TqsOdYCMJJupxRic61hwquNtppB3hgcuq9SVSH1Q==

asynckit@^0.4.0:
  version "0.4.0"
  resolved "https://registry.yarnpkg.com/asynckit/-/asynckit-0.4.0.tgz#c79ed97f7f34cb8f2ba1bc9790bcc366474b4b79"
  integrity sha1-x57Zf380y48robyXkLzDZkdLS3k=

atomic-sleep@^1.0.0:
  version "1.0.0"
  resolved "https://registry.yarnpkg.com/atomic-sleep/-/atomic-sleep-1.0.0.tgz#eb85b77a601fc932cfe432c5acd364a9e2c9075b"
  integrity sha512-kNOjDqAh7px0XWNI+4QbzoiR/nTkHAWNud2uvnJquD1/x5a7EQZMJT0AczqK0Qn67oY/TTQ1LbUKajZpp3I9tQ==

buffer-alloc-unsafe@^1.1.0:
  version "1.1.0"
  resolved "https://registry.yarnpkg.com/buffer-alloc-unsafe/-/buffer-alloc-unsafe-1.1.0.tgz#bd7dc26ae2972d0eda253be061dba992349c19f0"
  integrity sha512-TEM2iMIEQdJ2yjPJoSIsldnleVaAk1oW3DBVUykyOLsEsFmEc9kn+SFFPz+gl54KQNxlDnAwCXosOS9Okx2xAg==

buffer-alloc@^1.2.0:
  version "1.2.0"
  resolved "https://registry.yarnpkg.com/buffer-alloc/-/buffer-alloc-1.2.0.tgz#890dd90d923a873e08e10e5fd51a57e5b7cce0ec"
  integrity sha512-CFsHQgjtW1UChdXgbyJGtnm+O/uLQeZdtbDo8mfUgYXCHSM1wgrVxXm6bSyrUuErEb+4sYVGCzASBRot7zyrow==
  dependencies:
    buffer-alloc-unsafe "^1.1.0"
    buffer-fill "^1.0.0"

buffer-fill@^1.0.0:
  version "1.0.0"
  resolved "https://registry.yarnpkg.com/buffer-fill/-/buffer-fill-1.0.0.tgz#f8f78b76789888ef39f205cd637f68e702122b2c"
  integrity sha1-+PeLdniYiO858gXNY39o5wISKyw=

call-bind@^1.0.0:
  version "1.0.2"
  resolved "https://registry.yarnpkg.com/call-bind/-/call-bind-1.0.2.tgz#b1d4e89e688119c3c9a903ad30abb2f6a919be3c"
  integrity sha512-7O+FbCihrB5WGbFYesctwmTKae6rOiIzmz1icreWJ+0aA7LJfuqhEso2T9ncpcFtzMQtzXf2QGGueWJGTYsqrA==
  dependencies:
    function-bind "^1.1.1"
    get-intrinsic "^1.0.2"

camelcase@^4.1.0:
  version "4.1.0"
  resolved "https://registry.yarnpkg.com/camelcase/-/camelcase-4.1.0.tgz#d545635be1e33c542649c69173e5de6acfae34dd"
  integrity sha1-1UVjW+HjPFQmScaRc+Xeas+uNN0=

cfb@~1.0.7:
  version "1.0.8"
  resolved "https://registry.yarnpkg.com/cfb/-/cfb-1.0.8.tgz#77f213493d697d754fd9c0f5511eab5ad72d02cf"
  integrity sha1-d/ITST1pfXVP2cD1UR6rWtctAs8=
  dependencies:
    commander "^2.14.1"
    printj "~1.1.2"

cliss@0.0.2:
  version "0.0.2"
  resolved "https://registry.yarnpkg.com/cliss/-/cliss-0.0.2.tgz#aa8bd77af7df3cb93b9ea963c1c49a0773c52a3a"
  integrity sha512-6rj9pgdukjT994Md13JCUAgTk91abAKrygL9sAvmHY4F6AKMOV8ccGaxhUUfcBuyg3sundWnn3JE0Mc9W6ZYqw==
  dependencies:
    command-line-usage "^4.0.1"
    deepmerge "^2.0.0"
    get-stdin "^5.0.1"
    inspect-parameters-declaration "0.0.9"
    object-to-arguments "0.0.8"
    pipe-functions "^1.3.0"
    strip-ansi "^4.0.0"
    yargs-parser "^7.0.0"

codepage@~1.13.0:
  version "1.13.1"
  resolved "https://registry.yarnpkg.com/codepage/-/codepage-1.13.1.tgz#4f19dbbe3ebc2909dc8ebfc47ea26d838715e3f8"
  integrity sha512-KnY6cQlgkfBjplnQkLk3M5KEfAKa7i9SMqXp+bMuy2/bgYovvU4LDAQvkMaoScwhvozA9VUtgnbS4Z8f7zVA8w==
  dependencies:
    commander "~2.14.1"
    exit-on-epipe "~1.0.1"

combined-stream@^1.0.8:
  version "1.0.8"
  resolved "https://registry.yarnpkg.com/combined-stream/-/combined-stream-1.0.8.tgz#c3d45a8b34fd730631a110a8a2520682b31d5a7f"
  integrity sha512-FQN4MRfuJeHf7cBbBMJFXhKSDq+2kAArBlmRBvcvFE5BB1HZKXtSFASDhdlz9zOYwxh8lDdnvmMOe/+5cdoEdg==
  dependencies:
    delayed-stream "~1.0.0"

command-line-usage@^4.0.1:
  version "4.1.0"
  resolved "https://registry.yarnpkg.com/command-line-usage/-/command-line-usage-4.1.0.tgz#a6b3b2e2703b4dcf8bd46ae19e118a9a52972882"
  integrity sha512-MxS8Ad995KpdAC0Jopo/ovGIroV/m0KHwzKfXxKag6FHOkGsH8/lv5yjgablcRxCJJC0oJeUMuO/gmaq+Wq46g==
  dependencies:
    ansi-escape-sequences "^4.0.0"
    array-back "^2.0.0"
    table-layout "^0.4.2"
    typical "^2.6.1"

commander@^2.14.1, commander@^2.9.0:
  version "2.20.3"
  resolved "https://registry.yarnpkg.com/commander/-/commander-2.20.3.tgz#fd485e84c03eb4881c20722ba48035e8531aeb33"
  integrity sha512-GpVkmM8vF2vQUkj2LvZmD35JxeJOLCwJ9cUkugyk2nuhbv3+mJvpLYYt+0+USMxE+oj+ey/lJEnhZw75x/OMcQ==

commander@~2.14.1:
  version "2.14.1"
  resolved "https://registry.yarnpkg.com/commander/-/commander-2.14.1.tgz#2235123e37af8ca3c65df45b026dbd357b01b9aa"
  integrity sha512-+YR16o3rK53SmWHU3rEM3tPAh2rwb1yPcQX5irVn7mb0gXbwuCCrnkbV5+PBfETdfg1vui07nM6PCG1zndcjQw==

commander@~2.15.1:
  version "2.15.1"
  resolved "https://registry.yarnpkg.com/commander/-/commander-2.15.1.tgz#df46e867d0fc2aec66a34662b406a9ccafff5b0f"
  integrity sha512-VlfT9F3V0v+jr4yxPc5gg9s62/fIVWsd2Bk2iD435um1NlGMYdVCq+MjcXnhYq2icNOizHr1kK+5TI6H0Hy0ag==

convert-excel-to-json@^1.7.0:
  version "1.7.0"
  resolved "https://registry.yarnpkg.com/convert-excel-to-json/-/convert-excel-to-json-1.7.0.tgz#f959f05d944ec38e4773680c937b63bf196941ab"
  integrity sha512-suJs6xw5W4C/1aEPk9zZIcnIvSjeLy6vJFvQs9joBWTfpGypwjFEHopQe2QKBCz4QPLvsDHbZ7CsiouHAklL4A==
  dependencies:
    argparse "^1.0.2"
    magicli "0.0.8"
    node.extend "^2.0.2"
    xlsx "^0.12.1"

crc-32@~1.2.0:
  version "1.2.0"
  resolved "https://registry.yarnpkg.com/crc-32/-/crc-32-1.2.0.tgz#cb2db6e29b88508e32d9dd0ec1693e7b41a18208"
  integrity sha512-1uBwHxF+Y/4yF5G48fwnKq6QsIXheor3ZLPT80yGBV1oEUwpPojlEhQbWKVw1VwcTQyMGHK1/XMmTjmlsmTTGA==
  dependencies:
    exit-on-epipe "~1.0.1"
    printj "~1.1.0"

cron-parser@^3.1.0:
  version "3.5.0"
  resolved "https://registry.yarnpkg.com/cron-parser/-/cron-parser-3.5.0.tgz#b1a9da9514c0310aa7ef99c2f3f1d0f8c235257c"
  integrity sha512-wyVZtbRs6qDfFd8ap457w3XVntdvqcwBGxBoTvJQH9KGVKL/fB+h2k3C8AqiVxvUQKN1Ps/Ns46CNViOpVDhfQ==
  dependencies:
    is-nan "^1.3.2"
    luxon "^1.26.0"

debug@^4.3.1:
  version "4.3.2"
  resolved "https://registry.yarnpkg.com/debug/-/debug-4.3.2.tgz#f0a49c18ac8779e31d4a0c6029dfb76873c7428b"
  integrity sha512-mOp8wKcvj7XxC78zLgw/ZA+6TSgkoE2C/ienthhRD298T7UNwAg9diBpLRxC0mOezLl4B0xV7M0cCO6P/O0Xhw==
  dependencies:
    ms "2.1.2"

deep-extend@~0.6.0:
  version "0.6.0"
  resolved "https://registry.yarnpkg.com/deep-extend/-/deep-extend-0.6.0.tgz#c4fa7c95404a17a9c3e8ca7e1537312b736330ac"
  integrity sha512-LOHxIOaPYdHlJRtCQfDIVZtfw/ufM8+rVj649RIHzcm/vGwQRXFt6OPqIFWsm2XEMrNIEtWR64sY1LEKD2vAOA==

deepmerge@^2.0.0:
  version "2.2.1"
  resolved "https://registry.yarnpkg.com/deepmerge/-/deepmerge-2.2.1.tgz#5d3ff22a01c00f645405a2fbc17d0778a1801170"
  integrity sha512-R9hc1Xa/NOBi9WRVUWg19rl1UB7Tt4kuPd+thNJgFZoxXsTz7ncaPaeIm+40oSGuP33DfMb4sZt1QIGiJzC4EA==

define-properties@^1.1.3:
  version "1.1.3"
  resolved "https://registry.yarnpkg.com/define-properties/-/define-properties-1.1.3.tgz#cf88da6cbee26fe6db7094f61d870cbd84cee9f1"
  integrity sha512-3MqfYKj2lLzdMSf8ZIZE/V+Zuy+BgD6f164e8K2w7dgnpKArBDerGYpM46IYYcjnkdPNMjPk9A6VFB8+3SKlXQ==
  dependencies:
    object-keys "^1.0.12"

delayed-stream@~1.0.0:
  version "1.0.0"
  resolved "https://registry.yarnpkg.com/delayed-stream/-/delayed-stream-1.0.0.tgz#df3ae199acadfb7d440aaae0b29e2272b24ec619"
  integrity sha1-3zrhmayt+31ECqrgsp4icrJOxhk=

event-target-shim@^5.0.0:
  version "5.0.1"
  resolved "https://registry.yarnpkg.com/event-target-shim/-/event-target-shim-5.0.1.tgz#5d4d3ebdf9583d63a5333ce2deb7480ab2b05789"
  integrity sha512-i/2XbnSz/uxRCU6+NdVJgKWDTM427+MqYbkQzD321DuCQJUqOuJKIA0IM2+W2xtYHdKOmZ4dR6fExsd4SXL+WQ==

exit-on-epipe@~1.0.1:
  version "1.0.1"
  resolved "https://registry.yarnpkg.com/exit-on-epipe/-/exit-on-epipe-1.0.1.tgz#0bdd92e87d5285d267daa8171d0eb06159689692"
  integrity sha512-h2z5mrROTxce56S+pnvAV890uu7ls7f1kEvVGJbw1OlFH3/mlJ5bkXu0KRyW94v37zzHPiUd55iLn3DA7TjWpw==

fast-redact@^3.0.0:
  version "3.0.2"
  resolved "https://registry.yarnpkg.com/fast-redact/-/fast-redact-3.0.2.tgz#c940ba7162dde3aeeefc522926ae8c5231412904"
  integrity sha512-YN+CYfCVRVMUZOUPeinHNKgytM1wPI/C/UCLEi56EsY2dwwvI00kIJHJoI7pMVqGoMew8SMZ2SSfHKHULHXDsg==

fast-safe-stringify@^2.0.8:
  version "2.0.8"
  resolved "https://registry.yarnpkg.com/fast-safe-stringify/-/fast-safe-stringify-2.0.8.tgz#dc2af48c46cf712b683e849b2bbd446b32de936f"
  integrity sha512-lXatBjf3WPjmWD6DpIZxkeSsCOwqI0maYMpgDlx8g4U2qi4lbjA9oH/HD2a87G+KfsUmo5WbJFmqBZlPxtptag==

find-up@^2.1.0:
  version "2.1.0"
  resolved "https://registry.yarnpkg.com/find-up/-/find-up-2.1.0.tgz#45d1b7e506c717ddd482775a2b77920a3c0c57a7"
  integrity sha1-RdG35QbHF93UgndaK3eSCjwMV6c=
  dependencies:
    locate-path "^2.0.0"

flatstr@^1.0.12:
  version "1.0.12"
  resolved "https://registry.yarnpkg.com/flatstr/-/flatstr-1.0.12.tgz#c2ba6a08173edbb6c9640e3055b95e287ceb5931"
  integrity sha512-4zPxDyhCyiN2wIAtSLI6gc82/EjqZc1onI4Mz/l0pWrAlsSfYH/2ZIcU+e3oA2wDwbzIWNKwa23F8rh6+DRWkw==

for-each-property-deep@0.0.3:
  version "0.0.3"
  resolved "https://registry.yarnpkg.com/for-each-property-deep/-/for-each-property-deep-0.0.3.tgz#31309a4afc38a9cca06f1b223f53d64a6d083fad"
  integrity sha1-MTCaSvw4qcygbxsiP1PWSm0IP60=
  dependencies:
    for-each-property "0.0.4"

for-each-property@0.0.4:
  version "0.0.4"
  resolved "https://registry.yarnpkg.com/for-each-property/-/for-each-property-0.0.4.tgz#cfa857aec1422e1d126ff08784fcf62629bc83f6"
  integrity sha1-z6hXrsFCLh0Sb/CHhPz2Jim8g/Y=
  dependencies:
    get-prototype-chain "^1.0.1"

form-data@^3.0.0:
  version "3.0.1"
  resolved "https://registry.yarnpkg.com/form-data/-/form-data-3.0.1.tgz#ebd53791b78356a99af9a300d4282c4d5eb9755f"
  integrity sha512-RHkBKtLWUVwd7SqRIvCZMEvAMoGUp0XU+seQiZejj0COz3RI3hWP4sCv3gZWWLjJTd7rGwcsF5eKZGii0r/hbg==
  dependencies:
    asynckit "^0.4.0"
    combined-stream "^1.0.8"
    mime-types "^2.1.12"

frac@~1.1.2:
  version "1.1.2"
  resolved "https://registry.yarnpkg.com/frac/-/frac-1.1.2.tgz#3d74f7f6478c88a1b5020306d747dc6313c74d0b"
  integrity sha512-w/XBfkibaTl3YDqASwfDUqkna4Z2p9cFSr1aHDt0WoMTECnRfBOv2WArlZILlqgWlmdIlALXGpM2AOhEk5W3IA==

function-bind@^1.1.1:
  version "1.1.1"
  resolved "https://registry.yarnpkg.com/function-bind/-/function-bind-1.1.1.tgz#a56899d3ea3c9bab874bb9773b7c5ede92f4895d"
  integrity sha512-yIovAzMX49sF8Yl58fSCWJ5svSLuaibPxXQJFLmBObTuCr0Mf1KiPopGM9NiFjiYBCbfaa2Fh6breQ6ANVTI0A==

get-intrinsic@^1.0.2:
  version "1.1.1"
  resolved "https://registry.yarnpkg.com/get-intrinsic/-/get-intrinsic-1.1.1.tgz#15f59f376f855c446963948f0d24cd3637b4abc6"
  integrity sha512-kWZrnVM42QCiEA2Ig1bG8zjoIMOgxWwYCEeNdwY6Tv/cOSeGpcoX4pXHfKUxNKVoArnrEr2e9srnAxxGIraS9Q==
  dependencies:
    function-bind "^1.1.1"
    has "^1.0.3"
    has-symbols "^1.0.1"

get-prototype-chain@^1.0.1:
  version "1.0.1"
  resolved "https://registry.yarnpkg.com/get-prototype-chain/-/get-prototype-chain-1.0.1.tgz#a171a115ea1e4906c6ed3843a1f001c18510416f"
  integrity sha1-oXGhFeoeSQbG7ThDofABwYUQQW8=

get-stdin@^5.0.1:
  version "5.0.1"
  resolved "https://registry.yarnpkg.com/get-stdin/-/get-stdin-5.0.1.tgz#122e161591e21ff4c52530305693f20e6393a398"
  integrity sha1-Ei4WFZHiH/TFJTAwVpPyDmOTo5g=

has-symbols@^1.0.1:
  version "1.0.2"
  resolved "https://registry.yarnpkg.com/has-symbols/-/has-symbols-1.0.2.tgz#165d3070c00309752a1236a479331e3ac56f1423"
  integrity sha512-chXa79rL/UC2KlX17jo3vRGz0azaWEx5tGqZg5pO3NUyEJVB17dMruQlzCCOfUvElghKcm5194+BCRvi2Rv/Gw==

has@^1.0.3:
  version "1.0.3"
  resolved "https://registry.yarnpkg.com/has/-/has-1.0.3.tgz#722d7cbfc1f6aa8241f16dd814e011e1f41e8796"
  integrity sha512-f2dvO0VU6Oej7RkWJGrehjbzMAjFp5/VKPp5tTpWIV4JHHZK1/BxbFRtf/siA2SWTe09caDmVtYYzWEIbBS4zw==
  dependencies:
    function-bind "^1.1.1"

inspect-function@^0.2.1:
  version "0.2.2"
  resolved "https://registry.yarnpkg.com/inspect-function/-/inspect-function-0.2.2.tgz#85da0c5258bc4c330ae3283b6747e0759d90a635"
  integrity sha1-hdoMUli8TDMK4yg7Z0fgdZ2QpjU=
  dependencies:
    split-skip "0.0.1"
    unpack-string "0.0.2"

inspect-function@^0.3.1:
  version "0.3.4"
  resolved "https://registry.yarnpkg.com/inspect-function/-/inspect-function-0.3.4.tgz#e1ecf2616cac81d0d62e5e2a3b057f8cbf8ffedd"
  integrity sha512-s0RsbJqK/sNZ+U1mykGoTickog3ea1A9Qk4mXniogOBu4PgkkZ56elScO7QC/r8D94lhGmJ2NyDI1ipOA/uq/g==
  dependencies:
    inspect-parameters-declaration "0.0.8"
    magicli "0.0.8"
    split-skip "0.0.1"
    stringify-parameters "0.0.4"
    unpack-string "0.0.2"

inspect-parameters-declaration@0.0.10:
  version "0.0.10"
  resolved "https://registry.yarnpkg.com/inspect-parameters-declaration/-/inspect-parameters-declaration-0.0.10.tgz#1455b4a05078ed071ec5d9def4291adf54d2ed13"
  integrity sha512-L8/Bvt9iDXQTZ63xY5/MAyvzz+FagR/qGh1kIXvUpsno3AAE0Z95d6QO51zrcMGaEGpwh/57idfMxTxbvRmytg==
  dependencies:
    magicli "0.0.5"
    split-skip "0.0.2"
    stringify-parameters "0.0.4"
    unpack-string "0.0.2"

inspect-parameters-declaration@0.0.8:
  version "0.0.8"
  resolved "https://registry.yarnpkg.com/inspect-parameters-declaration/-/inspect-parameters-declaration-0.0.8.tgz#b50aa61674db850075aa90c7360479bc6c287828"
  integrity sha512-W4QzN1LgFmasKOM+NoLlDd2OAZM3enNZlVUOXoGQKmYBDFgxoPDOyebF55ALaf8avyM9TavNwibXxg347RrzCg==
  dependencies:
    magicli "0.0.5"
    split-skip "0.0.2"
    stringify-parameters "0.0.4"
    unpack-string "0.0.2"

inspect-parameters-declaration@0.0.9:
  version "0.0.9"
  resolved "https://registry.yarnpkg.com/inspect-parameters-declaration/-/inspect-parameters-declaration-0.0.9.tgz#926ddd9e072554527915a8a654c7693180b1cfad"
  integrity sha512-c3jrKKA1rwwrsjdGMAo2hFWV0vNe3/RKHxpE/OBt41LP3ynOVI1qmgxpZYK5SQu3jtWCyaho8L7AZzCjJ4mEUw==
  dependencies:
    magicli "0.0.5"
    split-skip "0.0.2"
    stringify-parameters "0.0.4"
    unpack-string "0.0.2"

inspect-property@0.0.6:
  version "0.0.6"
  resolved "https://registry.yarnpkg.com/inspect-property/-/inspect-property-0.0.6.tgz#5fce081e408fc9bc948e3cf625b6cdc3aa82eef7"
  integrity sha512-LgjHkRl9W6bj2n+kWrAOgvCYPTYt+LanE4rtd/vKNq6yEb+SvVV7UTLzoSPpDX6/U1cAz7VfqPr+lPAIz7wHaQ==
  dependencies:
    for-each-property "0.0.4"
    for-each-property-deep "0.0.3"
    inspect-function "^0.3.1"

is-nan@^1.3.2:
  version "1.3.2"
  resolved "https://registry.yarnpkg.com/is-nan/-/is-nan-1.3.2.tgz#043a54adea31748b55b6cd4e09aadafa69bd9e1d"
  integrity sha512-E+zBKpQ2t6MEo1VsonYmluk9NxGrbzpeeLC2xIViuO2EjU2xsXsBPwTr3Ykv9l08UYEVEdWeRZNouaZqF6RN0w==
  dependencies:
    call-bind "^1.0.0"
    define-properties "^1.1.3"

is@^3.2.1:
  version "3.3.0"
  resolved "https://registry.yarnpkg.com/is/-/is-3.3.0.tgz#61cff6dd3c4193db94a3d62582072b44e5645d79"
  integrity sha512-nW24QBoPcFGGHJGUwnfpI7Yc5CdqWNdsyHQszVE/z2pKHXzh7FZ5GWhJqSyaQ9wMkQnsTx+kAI8bHlCX4tKdbg==

locate-path@^2.0.0:
  version "2.0.0"
  resolved "https://registry.yarnpkg.com/locate-path/-/locate-path-2.0.0.tgz#2b568b265eec944c6d9c0de9c3dbbbca0354cd8e"
  integrity sha1-K1aLJl7slExtnA3pw9u7ygNUzY4=
  dependencies:
    p-locate "^2.0.0"
    path-exists "^3.0.0"

lodash.padend@^4.6.1:
  version "4.6.1"
  resolved "https://registry.yarnpkg.com/lodash.padend/-/lodash.padend-4.6.1.tgz#53ccba047d06e158d311f45da625f4e49e6f166e"
  integrity sha1-U8y6BH0G4VjTEfRdpiX05J5vFm4=

long-timeout@0.1.1:
  version "0.1.1"
  resolved "https://registry.yarnpkg.com/long-timeout/-/long-timeout-0.1.1.tgz#9721d788b47e0bcb5a24c2e2bee1a0da55dab514"
  integrity sha1-lyHXiLR+C8taJMLivuGg2lXatRQ=

luxon@^1.26.0:
  version "1.28.0"
  resolved "https://registry.yarnpkg.com/luxon/-/luxon-1.28.0.tgz#e7f96daad3938c06a62de0fb027115d251251fbf"
  integrity sha512-TfTiyvZhwBYM/7QdAVDh+7dBTBA29v4ik0Ce9zda3Mnf8on1S5KJI8P2jKFZ8+5C0jhmr0KwJEO/Wdpm0VeWJQ==

magicli@0.0.5:
  version "0.0.5"
  resolved "https://registry.yarnpkg.com/magicli/-/magicli-0.0.5.tgz#cee7d0fbb4c70518aacb11ec3eb7e25ff49a4921"
  integrity sha1-zufQ+7THBRiqyxHsPrfiX/SaSSE=
  dependencies:
    commander "^2.9.0"
    get-stdin "^5.0.1"
    inspect-function "^0.2.1"
    pipe-functions "^1.2.0"

magicli@0.0.8:
  version "0.0.8"
  resolved "https://registry.yarnpkg.com/magicli/-/magicli-0.0.8.tgz#920849cf70736076a6c4aa35d5a6866c807fc07b"
  integrity sha512-x/eBenweAHF+DsYy172sK4doRxZl0yrJnfxhLJiN7H6hPM3Ya0PfI6uBZshZ3ScFFSQD7HXgBqMdbnXKEZsO1g==
  dependencies:
    cliss "0.0.2"
    find-up "^2.1.0"
    for-each-property "0.0.4"
    inspect-property "0.0.6"

mime-db@1.49.0:
  version "1.49.0"
  resolved "https://registry.yarnpkg.com/mime-db/-/mime-db-1.49.0.tgz#f3dfde60c99e9cf3bc9701d687778f537001cbed"
  integrity sha512-CIc8j9URtOVApSFCQIF+VBkX1RwXp/oMMOrqdyXSBXq5RWNEsRfyj1kiRnQgmNXmHxPoFIxOroKA3zcU9P+nAA==

mime-types@^2.1.12:
  version "2.1.32"
  resolved "https://registry.yarnpkg.com/mime-types/-/mime-types-2.1.32.tgz#1d00e89e7de7fe02008db61001d9e02852670fd5"
  integrity sha512-hJGaVS4G4c9TSMYh2n6SQAGrC4RnfU+daP8G7cSCmaqNjiOoUY0VHCMS42pxnQmVF1GWwFhbHWn3RIxCqTmZ9A==
  dependencies:
    mime-db "1.49.0"

minimist@^1.2.5:
  version "1.2.5"
  resolved "https://registry.yarnpkg.com/minimist/-/minimist-1.2.5.tgz#67d66014b66a6a8aaa0c083c5fd58df4e4e97602"
  integrity sha512-FM9nNUYrRBAELZQT3xeZQ7fmMOBg6nWNmJKTcgsJeaLstP/UODVpGsr5OhXhhXg6f+qtJ8uiZ+PUxkDWcgIXLw==

module-alias@^2.2.2:
  version "2.2.2"
  resolved "https://registry.yarnpkg.com/module-alias/-/module-alias-2.2.2.tgz#151cdcecc24e25739ff0aa6e51e1c5716974c0e0"
  integrity sha512-A/78XjoX2EmNvppVWEhM2oGk3x4lLxnkEA4jTbaK97QKSDjkIoOsKQlfylt/d3kKKi596Qy3NP5XrXJ6fZIC9Q==

ms@2.1.2:
  version "2.1.2"
  resolved "https://registry.yarnpkg.com/ms/-/ms-2.1.2.tgz#d09d1f357b443f493382a8eb3ccd183872ae6009"
  integrity sha512-sGkPx+VjMtmA6MX27oA4FBFELFCZZ4S4XqeGOXCv68tT+jb3vk/RyaKWP0PTKyWtmLSM0b+adUTEvbs1PEaH2w==

node-fetch@^2.6.1:
  version "2.6.1"
  resolved "https://registry.yarnpkg.com/node-fetch/-/node-fetch-2.6.1.tgz#045bd323631f76ed2e2b55573394416b639a0052"
  integrity sha512-V4aYg89jEoVRxRb2fJdAg8FHvI7cEyYdVAh94HH0UIK8oJxUfkjlDQN9RbMx+bEjP7+ggMiFRprSti032Oipxw==

node-schedule@^2.0.0:
  version "2.0.0"
  resolved "https://registry.yarnpkg.com/node-schedule/-/node-schedule-2.0.0.tgz#73ab4957d056c63708409cc1fab676e0e149c191"
  integrity sha512-cHc9KEcfiuXxYDU+HjsBVo2FkWL1jRAUoczFoMIzRBpOA4p/NRHuuLs85AWOLgKsHtSPjN8csvwIxc2SqMv+CQ==
  dependencies:
    cron-parser "^3.1.0"
    long-timeout "0.1.1"
    sorted-array-functions "^1.3.0"

node.extend@^2.0.2:
  version "2.0.2"
  resolved "https://registry.yarnpkg.com/node.extend/-/node.extend-2.0.2.tgz#b4404525494acc99740f3703c496b7d5182cc6cc"
  integrity sha512-pDT4Dchl94/+kkgdwyS2PauDFjZG0Hk0IcHIB+LkW27HLDtdoeMxHTxZh39DYbPP8UflWXWj9JcdDozF+YDOpQ==
  dependencies:
    has "^1.0.3"
    is "^3.2.1"

object-keys@^1.0.12:
  version "1.1.1"
  resolved "https://registry.yarnpkg.com/object-keys/-/object-keys-1.1.1.tgz#1c47f272df277f3b1daf061677d9c82e2322c60e"
  integrity sha512-NuAESUOUMrlIXOfHKzD6bpPu3tYt3xvjNdRIQ+FeT0lNb4K8WR70CaDxhuNguS2XG+GjkyMwOzsN5ZktImfhLA==

object-to-arguments@0.0.8:
  version "0.0.8"
  resolved "https://registry.yarnpkg.com/object-to-arguments/-/object-to-arguments-0.0.8.tgz#cf4b1f8afc6873d341622b7cb0811d8d0ace5886"
  integrity sha512-BfWfuAwuhdH1bhMG5EG90WE/eckkBhBvnke8eSEkCDXoLE9Jk5JwYGTbCx1ehGwV48HvBkn62VukPBdlMUOY9w==
  dependencies:
    inspect-parameters-declaration "0.0.10"
    magicli "0.0.5"
    split-skip "0.0.2"
    stringify-parameters "0.0.4"
    unpack-string "0.0.2"

p-limit@^1.1.0:
  version "1.3.0"
  resolved "https://registry.yarnpkg.com/p-limit/-/p-limit-1.3.0.tgz#b86bd5f0c25690911c7590fcbfc2010d54b3ccb8"
  integrity sha512-vvcXsLAJ9Dr5rQOPk7toZQZJApBl2K4J6dANSsEuh6QI41JYcsS/qhTGa9ErIUUgK3WNQoJYvylxvjqmiqEA9Q==
  dependencies:
    p-try "^1.0.0"

p-locate@^2.0.0:
  version "2.0.0"
  resolved "https://registry.yarnpkg.com/p-locate/-/p-locate-2.0.0.tgz#20a0103b222a70c8fd39cc2e580680f3dde5ec43"
  integrity sha1-IKAQOyIqcMj9OcwuWAaA893l7EM=
  dependencies:
    p-limit "^1.1.0"

p-timeout@^4.1.0:
  version "4.1.0"
  resolved "https://registry.yarnpkg.com/p-timeout/-/p-timeout-4.1.0.tgz#788253c0452ab0ffecf18a62dff94ff1bd09ca0a"
  integrity sha512-+/wmHtzJuWii1sXn3HCuH/FTwGhrp4tmJTxSKJbfS+vkipci6osxXM5mY0jUiRzWKMTgUT8l7HFbeSwZAynqHw==

p-try@^1.0.0:
  version "1.0.0"
  resolved "https://registry.yarnpkg.com/p-try/-/p-try-1.0.0.tgz#cbc79cdbaf8fd4228e13f621f2b1a237c1b207b3"
  integrity sha1-y8ec26+P1CKOE/Yh8rGiN8GyB7M=

path-exists@^3.0.0:
  version "3.0.0"
  resolved "https://registry.yarnpkg.com/path-exists/-/path-exists-3.0.0.tgz#ce0ebeaa5f78cb18925ea7d810d7b59b010fd515"
  integrity sha1-zg6+ql94yxiSXqfYENe1mwEP1RU=

pino-std-serializers@^3.1.0:
  version "3.2.0"
  resolved "https://registry.yarnpkg.com/pino-std-serializers/-/pino-std-serializers-3.2.0.tgz#b56487c402d882eb96cd67c257868016b61ad671"
  integrity sha512-EqX4pwDPrt3MuOAAUBMU0Tk5kR/YcCM5fNPEzgCO2zJ5HfX0vbiH9HbJglnyeQsN96Kznae6MWD47pZB5avTrg==

pino@^6.13.0:
  version "6.13.0"
  resolved "https://registry.yarnpkg.com/pino/-/pino-6.13.0.tgz#41810b9be213af6f8f7c23a1b17058d880267e7b"
  integrity sha512-mRXSTfa34tbfrWqCIp1sUpZLqBhcoaGapoyxfEwaWwJGMpLijlRdDKIQUyvq4M3DUfFH5vEglwSw8POZYwbThA==
  dependencies:
    fast-redact "^3.0.0"
    fast-safe-stringify "^2.0.8"
    flatstr "^1.0.12"
    pino-std-serializers "^3.1.0"
    quick-format-unescaped "^4.0.3"
    sonic-boom "^1.0.2"

pipe-functions@^1.2.0, pipe-functions@^1.3.0:
  version "1.3.0"
  resolved "https://registry.yarnpkg.com/pipe-functions/-/pipe-functions-1.3.0.tgz#d2846db34ff29481dc9318a2a210cb06abbf6e52"
  integrity sha512-6Rtbp7criZRwedlvWbUYxqlqJoAlMvYHo2UcRWq79xZ54vZcaNHpVBOcWkX3ErT2aUA69tv+uiv4zKJbhD/Wgg==

printj@~1.1.0, printj@~1.1.2:
  version "1.1.2"
  resolved "https://registry.yarnpkg.com/printj/-/printj-1.1.2.tgz#d90deb2975a8b9f600fb3a1c94e3f4c53c78a222"
  integrity sha512-zA2SmoLaxZyArQTOPj5LXecR+RagfPSU5Kw1qP+jkWeNlrq+eJZyY2oS68SU1Z/7/myXM4lo9716laOFAVStCQ==

quick-format-unescaped@^4.0.3:
  version "4.0.3"
  resolved "https://registry.yarnpkg.com/quick-format-unescaped/-/quick-format-unescaped-4.0.3.tgz#6d6b66b8207aa2b35eef12be1421bb24c428f652"
  integrity sha512-MaL/oqh02mhEo5m5J2rwsVL23Iw2PEaGVHgT2vFt8AAsr0lfvQA5dpXo9TPu0rz7tSBdUPgkbam0j/fj5ZM8yg==

reduce-flatten@^1.0.1:
  version "1.0.1"
  resolved "https://registry.yarnpkg.com/reduce-flatten/-/reduce-flatten-1.0.1.tgz#258c78efd153ddf93cb561237f61184f3696e327"
  integrity sha1-JYx479FT3fk8tWEjf2EYTzaW4yc=

safe-compare@^1.1.4:
  version "1.1.4"
  resolved "https://registry.yarnpkg.com/safe-compare/-/safe-compare-1.1.4.tgz#5e0128538a82820e2e9250cd78e45da6786ba593"
  integrity sha512-b9wZ986HHCo/HbKrRpBJb2kqXMK9CEWIE1egeEvZsYn69ay3kdfl9nG3RyOcR+jInTDf7a86WQ1d4VJX7goSSQ==
  dependencies:
    buffer-alloc "^1.2.0"

sandwich-stream@^2.0.2:
  version "2.0.2"
  resolved "https://registry.yarnpkg.com/sandwich-stream/-/sandwich-stream-2.0.2.tgz#6d1feb6cf7e9fe9fadb41513459a72c2e84000fa"
  integrity sha512-jLYV0DORrzY3xaz/S9ydJL6Iz7essZeAfnAavsJ+zsJGZ1MOnsS52yRjU3uF3pJa/lla7+wisp//fxOwOH8SKQ==

sonic-boom@^1.0.2:
  version "1.4.1"
  resolved "https://registry.yarnpkg.com/sonic-boom/-/sonic-boom-1.4.1.tgz#d35d6a74076624f12e6f917ade7b9d75e918f53e"
  integrity sha512-LRHh/A8tpW7ru89lrlkU4AszXt1dbwSjVWguGrmlxE7tawVmDBlI1PILMkXAxJTwqhgsEeTHzj36D5CmHgQmNg==
  dependencies:
    atomic-sleep "^1.0.0"
    flatstr "^1.0.12"

sonic-boom@^2.1.0:
  version "2.2.2"
  resolved "https://registry.yarnpkg.com/sonic-boom/-/sonic-boom-2.2.2.tgz#c88f10f13ff91f204296635ffcdbea757cfda314"
  integrity sha512-tSkj2MFPpOt7VZ2IDmjcUrDlbyxUKqOQUvZBy98EdzGqaKptT3lFXWeQ1RYYGPjz597A8iG54lrGLTg4kEiAaA==
  dependencies:
    atomic-sleep "^1.0.0"

sorted-array-functions@^1.3.0:
  version "1.3.0"
  resolved "https://registry.yarnpkg.com/sorted-array-functions/-/sorted-array-functions-1.3.0.tgz#8605695563294dffb2c9796d602bd8459f7a0dd5"
  integrity sha512-2sqgzeFlid6N4Z2fUQ1cvFmTOLRi/sEDzSQ0OKYchqgoPmQBVyM3959qYx3fpS6Esef80KjmpgPeEr028dP3OA==

split-skip@0.0.1:
  version "0.0.1"
  resolved "https://registry.yarnpkg.com/split-skip/-/split-skip-0.0.1.tgz#80ad8e36e98e576454cc3b667c1dd25d865e8f00"
  integrity sha1-gK2ONumOV2RUzDtmfB3SXYZejwA=

split-skip@0.0.2:
  version "0.0.2"
  resolved "https://registry.yarnpkg.com/split-skip/-/split-skip-0.0.2.tgz#d89d88bbd2f73e46b5158aa370a561224e80d461"
  integrity sha1-2J2Iu9L3Pka1FYqjcKVhIk6A1GE=

sprintf-js@~1.0.2:
  version "1.0.3"
  resolved "https://registry.yarnpkg.com/sprintf-js/-/sprintf-js-1.0.3.tgz#04e6926f662895354f3dd015203633b857297e2c"
  integrity sha1-BOaSb2YolTVPPdAVIDYzuFcpfiw=

ssf@~0.10.2:
  version "0.10.3"
  resolved "https://registry.yarnpkg.com/ssf/-/ssf-0.10.3.tgz#8eae1fc29c90a552e7921208f81892d6f77acb2b"
  integrity sha512-pRuUdW0WwyB2doSqqjWyzwCD6PkfxpHAHdZp39K3dp/Hq7f+xfMwNAWIi16DyrRg4gg9c/RvLYkJTSawTPTm1w==
  dependencies:
    frac "~1.1.2"

stringify-parameters@0.0.4:
  version "0.0.4"
  resolved "https://registry.yarnpkg.com/stringify-parameters/-/stringify-parameters-0.0.4.tgz#2b44ffa479b5874b01d38d190d7398b4ecf1cf7b"
  integrity sha512-H3L90ERn5UPtkpO8eugnKcLgpIVlvTyUTrcLGm607AV5JDH6z0GymtNLr3gjGlP6I6NB/mxNX9QpY6jEQGLPdQ==
  dependencies:
    magicli "0.0.5"
    unpack-string "0.0.2"

strip-ansi@^4.0.0:
  version "4.0.0"
  resolved "https://registry.yarnpkg.com/strip-ansi/-/strip-ansi-4.0.0.tgz#a8479022eb1ac368a871389b635262c505ee368f"
  integrity sha1-qEeQIusaw2iocTibY1JixQXuNo8=
  dependencies:
    ansi-regex "^3.0.0"

table-layout@^0.4.2:
  version "0.4.5"
  resolved "https://registry.yarnpkg.com/table-layout/-/table-layout-0.4.5.tgz#d906de6a25fa09c0c90d1d08ecd833ecedcb7378"
  integrity sha512-zTvf0mcggrGeTe/2jJ6ECkJHAQPIYEwDoqsiqBjI24mvRmQbInK5jq33fyypaCBxX08hMkfmdOqj6haT33EqWw==
  dependencies:
    array-back "^2.0.0"
    deep-extend "~0.6.0"
    lodash.padend "^4.6.1"
    typical "^2.6.1"
    wordwrapjs "^3.0.0"

telegraf@^4.4.1:
  version "4.4.1"
  resolved "https://registry.yarnpkg.com/telegraf/-/telegraf-4.4.1.tgz#f7a9c82db17417149494aa63f9956e3484ffdcf6"
  integrity sha512-jxV8fC/K6abcUTlhy/l8txJAmEJIkJoDu/cN0yXOJWLp9csfLIp+cD4qlwJ6ko+4EgOJmNZvWK7Tr2dxKolJQQ==
  dependencies:
    abort-controller "^3.0.0"
    debug "^4.3.1"
    minimist "^1.2.5"
    module-alias "^2.2.2"
    node-fetch "^2.6.1"
    p-timeout "^4.1.0"
    safe-compare "^1.1.4"
    sandwich-stream "^2.0.2"
    typegram "^3.4.2"

typegram@^3.4.2:
  version "3.4.3"
  resolved "https://registry.yarnpkg.com/typegram/-/typegram-3.4.3.tgz#a1e212beaf6b43079a3774457b40d6eab1a93acf"
  integrity sha512-pH0TQJzCWM2+7y6yiBoQVNt7PO9ZvAu/lQukVx4sm68FIBBZEBWI+2MzuMcdbwrD5mD5NrEMAyml9N6DupUZag==

typescript@^4.4.2:
  version "4.4.2"
  resolved "https://registry.yarnpkg.com/typescript/-/typescript-4.4.2.tgz#6d618640d430e3569a1dfb44f7d7e600ced3ee86"
  integrity sha512-gzP+t5W4hdy4c+68bfcv0t400HVJMMd2+H9B7gae1nQlBzCqvrXX+6GL/b3GAgyTH966pzrZ70/fRjwAtZksSQ==

typical@^2.6.1:
  version "2.6.1"
  resolved "https://registry.yarnpkg.com/typical/-/typical-2.6.1.tgz#5c080e5d661cbbe38259d2e70a3c7253e873881d"
  integrity sha1-XAgOXWYcu+OCWdLnCjxyU+hziB0=

unpack-string@0.0.2:
  version "0.0.2"
  resolved "https://registry.yarnpkg.com/unpack-string/-/unpack-string-0.0.2.tgz#302ecf08238b0139bd434a4d7fd67cdf33ca275d"
  integrity sha1-MC7PCCOLATm9Q0pNf9Z83zPKJ10=

wordwrapjs@^3.0.0:
  version "3.0.0"
  resolved "https://registry.yarnpkg.com/wordwrapjs/-/wordwrapjs-3.0.0.tgz#c94c372894cadc6feb1a66bff64e1d9af92c5d1e"
  integrity sha512-mO8XtqyPvykVCsrwj5MlOVWvSnCdT+C+QVbm6blradR7JExAhbkZ7hZ9A+9NUtwzSqrlUo9a67ws0EiILrvRpw==
  dependencies:
    reduce-flatten "^1.0.1"
    typical "^2.6.1"

xlsx@^0.12.1:
  version "0.12.13"
  resolved "https://registry.yarnpkg.com/xlsx/-/xlsx-0.12.13.tgz#f6bec7cf8d916cf625685116170cc3b224228658"
  integrity sha512-9/2H4PLphmG8sDvI3mfWb6JIFqbvK8IRGhgS55Pw5F+fmKPuzdv4OW9RFjrH5PiTKeqB/883Z8o+jW3JrDahmw==
  dependencies:
    adler-32 "~1.2.0"
    cfb "~1.0.7"
    codepage "~1.13.0"
    commander "~2.15.1"
    crc-32 "~1.2.0"
    exit-on-epipe "~1.0.1"
    ssf "~0.10.2"

yargs-parser@^7.0.0:
  version "7.0.0"
  resolved "https://registry.yarnpkg.com/yargs-parser/-/yargs-parser-7.0.0.tgz#8d0ac42f16ea55debd332caf4c4038b3e3f5dfd9"
  integrity sha1-jQrELxbqVd69MyyvTEA4s+P139k=
  dependencies:
    camelcase "^4.1.0"
